
Microsoft Visual Studio Solution File, Format Version 12.00
# Visual Studio Version 17
VisualStudioVersion = 17.13.35931.197 d17.13
MinimumVisualStudioVersion = 10.0.40219.1
Project("{FAE04EC0-301F-11D3-BF4B-00C04F79EFBC}") = "webapisablon", "webapisablon\webapisablon.csproj", "{29F08FFE-B200-4EBF-BA66-E79896C794DA}"
EndProject
Project("{2150E333-8FDC-42A3-9474-1A3956D46DE8}") = "Intrastructure", "Intrastructure", "{02EA681E-C7D8-13C7-8484-4AC65E1B71E8}"
EndProject
Project("{2150E333-8FDC-42A3-9474-1A3956D46DE8}") = "Service", "Service", "{369CB01D-A1A7-72D2-AABC-3F0945D148A2}"
EndProject
Project("{2150E333-8FDC-42A3-9474-1A3956D46DE8}") = "UI", "UI", "{7DC331D0-3EC4-40A6-69FB-1CBEB2E0D1EA}"
EndProject
Project("{FAE04EC0-301F-11D3-BF4B-00C04F79EFBC}") = "Api", "Api\Api.csproj", "{8CBF2D81-00F7-4D27-8146-3CE53CF71AD2}"
EndProject
Project("{FAE04EC0-301F-11D3-BF4B-00C04F79EFBC}") = "Data", "Sablon.Data\Data.csproj", "{8ECD64D9-4AAC-4D99-8C77-FEC7324996AD}"
EndProject
Project("{FAE04EC0-301F-11D3-BF4B-00C04F79EFBC}") = "DTO", "Sablon.DTO\DTO.csproj", "{078FFA6C-ACA2-4372-9281-26D77DF64F2A}"
EndProject
Project("{FAE04EC0-301F-11D3-BF4B-00C04F79EFBC}") = "Helper", "Service\Helper.csproj", "{FEB0BE02-88B0-4B85-9442-4BC28EE41C10}"
EndProject
Project("{FAE04EC0-301F-11D3-BF4B-00C04F79EFBC}") = "ServiceHelper", "ServiceHelper\ServiceHelper.csproj", "{F37C720D-1EA5-493D-A107-8472EFC9A474}"
EndProject
Project("{FAE04EC0-301F-11D3-BF4B-00C04F79EFBC}") = "Repository", "Repository\Repository.csproj", "{0C488533-6190-4946-BE9A-A0DB8C1CE4A3}"
EndProject
Global
	GlobalSection(SolutionConfigurationPlatforms) = preSolution
		Debug|Any CPU = Debug|Any CPU
		Release|Any CPU = Release|Any CPU
	EndGlobalSection
	GlobalSection(ProjectConfigurationPlatforms) = postSolution
		{29F08FFE-B200-4EBF-BA66-E79896C794DA}.Debug|Any CPU.ActiveCfg = Debug|Any CPU
		{29F08FFE-B200-4EBF-BA66-E79896C794DA}.Debug|Any CPU.Build.0 = Debug|Any CPU
		{29F08FFE-B200-4EBF-BA66-E79896C794DA}.Release|Any CPU.ActiveCfg = Release|Any CPU
		{29F08FFE-B200-4EBF-BA66-E79896C794DA}.Release|Any CPU.Build.0 = Release|Any CPU
		{8CBF2D81-00F7-4D27-8146-3CE53CF71AD2}.Debug|Any CPU.ActiveCfg = Debug|Any CPU
		{8CBF2D81-00F7-4D27-8146-3CE53CF71AD2}.Debug|Any CPU.Build.0 = Debug|Any CPU
		{8CBF2D81-00F7-4D27-8146-3CE53CF71AD2}.Release|Any CPU.ActiveCfg = Release|Any CPU
		{8CBF2D81-00F7-4D27-8146-3CE53CF71AD2}.Release|Any CPU.Build.0 = Release|Any CPU
		{8ECD64D9-4AAC-4D99-8C77-FEC7324996AD}.Debug|Any CPU.ActiveCfg = Debug|Any CPU
		{8ECD64D9-4AAC-4D99-8C77-FEC7324996AD}.Debug|Any CPU.Build.0 = Debug|Any CPU
		{8ECD64D9-4AAC-4D99-8C77-FEC7324996AD}.Release|Any CPU.ActiveCfg = Release|Any CPU
		{8ECD64D9-4AAC-4D99-8C77-FEC7324996AD}.Release|Any CPU.Build.0 = Release|Any CPU
		{078FFA6C-ACA2-4372-9281-26D77DF64F2A}.Debug|Any CPU.ActiveCfg = Debug|Any CPU
		{078FFA6C-ACA2-4372-9281-26D77DF64F2A}.Debug|Any CPU.Build.0 = Debug|Any CPU
		{078FFA6C-ACA2-4372-9281-26D77DF64F2A}.Release|Any CPU.ActiveCfg = Release|Any CPU
		{078FFA6C-ACA2-4372-9281-26D77DF64F2A}.Release|Any CPU.Build.0 = Release|Any CPU
		{FEB0BE02-88B0-4B85-9442-4BC28EE41C10}.Debug|Any CPU.ActiveCfg = Debug|Any CPU
		{FEB0BE02-88B0-4B85-9442-4BC28EE41C10}.Debug|Any CPU.Build.0 = Debug|Any CPU
		{FEB0BE02-88B0-4B85-9442-4BC28EE41C10}.Release|Any CPU.ActiveCfg = Release|Any CPU
		{FEB0BE02-88B0-4B85-9442-4BC28EE41C10}.Release|Any CPU.Build.0 = Release|Any CPU
		{F37C720D-1EA5-493D-A107-8472EFC9A474}.Debug|Any CPU.ActiveCfg = Debug|Any CPU
		{F37C720D-1EA5-493D-A107-8472EFC9A474}.Debug|Any CPU.Build.0 = Debug|Any CPU
		{F37C720D-1EA5-493D-A107-8472EFC9A474}.Release|Any CPU.ActiveCfg = Release|Any CPU
		{F37C720D-1EA5-493D-A107-8472EFC9A474}.Release|Any CPU.Build.0 = Release|Any CPU
		{0C488533-6190-4946-BE9A-A0DB8C1CE4A3}.Debug|Any CPU.ActiveCfg = Debug|Any CPU
		{0C488533-6190-4946-BE9A-A0DB8C1CE4A3}.Debug|Any CPU.Build.0 = Debug|Any CPU
		{0C488533-6190-4946-BE9A-A0DB8C1CE4A3}.Release|Any CPU.ActiveCfg = Release|Any CPU
		{0C488533-6190-4946-BE9A-A0DB8C1CE4A3}.Release|Any CPU.Build.0 = Release|Any CPU
	EndGlobalSection
	GlobalSection(SolutionProperties) = preSolution
		HideSolutionNode = FALSE
	EndGlobalSection
	GlobalSection(NestedProjects) = preSolution
		{29F08FFE-B200-4EBF-BA66-E79896C794DA} = {7DC331D0-3EC4-40A6-69FB-1CBEB2E0D1EA}
		{8CBF2D81-00F7-4D27-8146-3CE53CF71AD2} = {369CB01D-A1A7-72D2-AABC-3F0945D148A2}
		{8ECD64D9-4AAC-4D99-8C77-FEC7324996AD} = {02EA681E-C7D8-13C7-8484-4AC65E1B71E8}
		{078FFA6C-ACA2-4372-9281-26D77DF64F2A} = {02EA681E-C7D8-13C7-8484-4AC65E1B71E8}
		{FEB0BE02-88B0-4B85-9442-4BC28EE41C10} = {02EA681E-C7D8-13C7-8484-4AC65E1B71E8}
		{F37C720D-1EA5-493D-A107-8472EFC9A474} = {02EA681E-C7D8-13C7-8484-4AC65E1B71E8}
		{0C488533-6190-4946-BE9A-A0DB8C1CE4A3} = {02EA681E-C7D8-13C7-8484-4AC65E1B71E8}
	EndGlobalSection
	GlobalSection(ExtensibilityGlobals) = postSolution
		SolutionGuid = {56072770-143E-46D3-94A2-4B515CC61E2E}
	EndGlobalSection
EndGlobal
